
Microsoft Visual Studio Solution File, Format Version 12.00
# Visual Studio 15
VisualStudioVersion = 15.0.28307.329
MinimumVisualStudioVersion = 10.0.40219.1
Project("{8BC9CEB8-8B4A-11D0-8D11-00A0C91BC942}") = "VectorLabRedux", "VectorLabRedux\VectorLabRedux.vcxproj", "{8AD64173-511C-4700-9CD8-C6A40D95DE03}"
EndProject
Global
	GlobalSection(SolutionConfigurationPlatforms) = preSolution
		Debug|x64 = Debug|x64
		Debug|x86 = Debug|x86
		Release|x64 = Release|x64
		Release|x86 = Release|x86
	EndGlobalSection
	GlobalSection(ProjectConfigurationPlatforms) = postSolution
		{8AD64173-511C-4700-9CD8-C6A40D95DE03}.Debug|x64.ActiveCfg = Debug|x64
		{8AD64173-511C-4700-9CD8-C6A40D95DE03}.Debug|x64.Build.0 = Debug|x64
		{8AD64173-511C-4700-9CD8-C6A40D95DE03}.Debug|x86.ActiveCfg = Debug|Win32
		{8AD64173-511C-4700-9CD8-C6A40D95DE03}.Debug|x86.Build.0 = Debug|Win32
		{8AD64173-511C-4700-9CD8-C6A40D95DE03}.Release|x64.ActiveCfg = Release|x64
		{8AD64173-511C-4700-9CD8-C6A40D95DE03}.Release|x64.Build.0 = Release|x64
		{8AD64173-511C-4700-9CD8-C6A40D95DE03}.Release|x86.ActiveCfg = Release|Win32
		{8AD64173-511C-4700-9CD8-C6A40D95DE03}.Release|x86.Build.0 = Release|Win32
	EndGlobalSection
	GlobalSection(SolutionProperties) = preSolution
		HideSolutionNode = FALSE
	EndGlobalSection
	GlobalSection(ExtensibilityGlobals) = postSolution
		SolutionGuid = {E262BAB2-D521-470E-94C9-7968A49135B6}
	EndGlobalSection
EndGlobal
